{
    "version": 3,
    "terraform_version": "0.11.7",
    "serial": 26,
    "lineage": "7e82696d-8d6f-48f9-526c-aabb56f580bd",
    "modules": [
        {
            "path": [
                "root"
            ],
            "outputs": {
                "vm-ip": {
                    "sensitive": false,
                    "type": "list",
                    "value": [
                        [
                            "10.166.160.169",
                            "fe80::250:56ff:fea8:f1b0"
                        ]
                    ]
                },
                "vm-name": {
                    "sensitive": false,
                    "type": "list",
                    "value": [
                        "web-1"
                    ]
                },
                "vm-network-interace": {
                    "sensitive": false,
                    "type": "list",
                    "value": [
                        [
                            {
                                "adapter_type": "vmxnet3",
                                "bandwidth_limit": "-1",
                                "bandwidth_reservation": "0",
                                "bandwidth_share_count": "50",
                                "bandwidth_share_level": "normal",
                                "device_address": "pci:0:7",
                                "key": "4000",
                                "mac_address": "00:50:56:a8:f1:b0",
                                "network_id": "dvportgroup-211",
                                "use_static_mac": "0"
                            }
                        ]
                    ]
                }
            },
            "resources": {},
            "depends_on": []
        },
        {
            "path": [
                "root",
                "cluster"
            ],
            "outputs": {
                "interface_info": {
                    "sensitive": false,
                    "type": "list",
                    "value": [
                        [
                            {
                                "adapter_type": "vmxnet3",
                                "bandwidth_limit": "-1",
                                "bandwidth_reservation": "0",
                                "bandwidth_share_count": "50",
                                "bandwidth_share_level": "normal",
                                "device_address": "pci:0:7",
                                "key": "4000",
                                "mac_address": "00:50:56:a8:f1:b0",
                                "network_id": "dvportgroup-211",
                                "use_static_mac": "0"
                            }
                        ]
                    ]
                },
                "ip_address": {
                    "sensitive": false,
                    "type": "list",
                    "value": [
                        [
                            "10.166.160.169",
                            "fe80::250:56ff:fea8:f1b0"
                        ]
                    ]
                },
                "name": {
                    "sensitive": false,
                    "type": "list",
                    "value": [
                        "web-1"
                    ]
                }
            },
            "resources": {
                "data.vsphere_compute_cluster.compute_cluster": {
                    "type": "vsphere_compute_cluster",
                    "depends_on": [
                        "data.vsphere_datacenter.dc"
                    ],
                    "primary": {
                        "id": "domain-c230",
                        "attributes": {
                            "datacenter_id": "datacenter-21",
                            "id": "domain-c230",
                            "name": "DCS",
                            "resource_pool_id": "resgroup-231"
                        },
                        "meta": {},
                        "tainted": false
                    },
                    "deposed": [],
                    "provider": "provider.vsphere"
                },
                "data.vsphere_datacenter.dc": {
                    "type": "vsphere_datacenter",
                    "depends_on": [],
                    "primary": {
                        "id": "datacenter-21",
                        "attributes": {
                            "id": "datacenter-21",
                            "name": "PROOFLAB"
                        },
                        "meta": {},
                        "tainted": false
                    },
                    "deposed": [],
                    "provider": "provider.vsphere"
                },
                "data.vsphere_datastore.datastore": {
                    "type": "vsphere_datastore",
                    "depends_on": [
                        "data.vsphere_datacenter.dc"
                    ],
                    "primary": {
                        "id": "datastore-234",
                        "attributes": {
                            "datacenter_id": "datacenter-21",
                            "id": "datastore-234",
                            "name": "vsanDatastore (1)"
                        },
                        "meta": {},
                        "tainted": false
                    },
                    "deposed": [],
                    "provider": "provider.vsphere"
                },
                "data.vsphere_network.network": {
                    "type": "vsphere_network",
                    "depends_on": [
                        "data.vsphere_datacenter.dc"
                    ],
                    "primary": {
                        "id": "dvportgroup-211",
                        "attributes": {
                            "datacenter_id": "datacenter-21",
                            "id": "dvportgroup-211",
                            "name": "TN-Prooflab|LabMgmt|LabMgmt",
                            "type": "DistributedVirtualPortgroup"
                        },
                        "meta": {},
                        "tainted": false
                    },
                    "deposed": [],
                    "provider": "provider.vsphere"
                },
                "data.vsphere_resource_pool.test_pool": {
                    "type": "vsphere_resource_pool",
                    "depends_on": [
                        "data.vsphere_datacenter.dc"
                    ],
                    "primary": {
                        "id": "resgroup-255",
                        "attributes": {
                            "datacenter_id": "datacenter-21",
                            "id": "resgroup-255",
                            "name": "test"
                        },
                        "meta": {},
                        "tainted": false
                    },
                    "deposed": [],
                    "provider": "provider.vsphere"
                },
                "data.vsphere_virtual_machine.template": {
                    "type": "vsphere_virtual_machine",
                    "depends_on": [
                        "data.vsphere_datacenter.dc"
                    ],
                    "primary": {
                        "id": "422843a2-4940-714f-5192-6227add6dc1b",
                        "attributes": {
                            "alternate_guest_name": "",
                            "datacenter_id": "datacenter-21",
                            "disks.#": "1",
                            "disks.0.eagerly_scrub": "false",
                            "disks.0.size": "40",
                            "disks.0.thin_provisioned": "true",
                            "firmware": "bios",
                            "guest_id": "centos7_64Guest",
                            "id": "422843a2-4940-714f-5192-6227add6dc1b",
                            "name": "centos-ssh-test",
                            "network_interface_types.#": "1",
                            "network_interface_types.0": "vmxnet3",
                            "scsi_controller_scan_count": "1",
                            "scsi_type": "pvscsi"
                        },
                        "meta": {},
                        "tainted": false
                    },
                    "deposed": [],
                    "provider": "provider.vsphere"
                },
                "vsphere_virtual_machine.vm": {
                    "type": "vsphere_virtual_machine",
                    "depends_on": [
                        "data.vsphere_datastore.datastore",
                        "data.vsphere_network.network",
                        "data.vsphere_resource_pool.test_pool",
                        "data.vsphere_virtual_machine.template"
                    ],
                    "primary": {
                        "id": "4228302f-b230-ca4a-3151-b8a4ed7ace01",
                        "attributes": {
                            "alternate_guest_name": "",
                            "annotation": "",
                            "boot_delay": "0",
                            "boot_retry_delay": "10000",
                            "boot_retry_enabled": "false",
                            "cdrom.#": "0",
                            "change_version": "2018-06-19T07:04:58.899224Z",
                            "clone.#": "1",
                            "clone.0.customize.#": "1",
                            "clone.0.customize.0.dns_server_list.#": "1",
                            "clone.0.customize.0.dns_server_list.0": "10.166.160.202",
                            "clone.0.customize.0.dns_suffix_list.#": "0",
                            "clone.0.customize.0.ipv4_gateway": "10.166.160.1",
                            "clone.0.customize.0.ipv6_gateway": "",
                            "clone.0.customize.0.linux_options.#": "1",
                            "clone.0.customize.0.linux_options.0.domain": "test.internal",
                            "clone.0.customize.0.linux_options.0.host_name": "web-vm-1",
                            "clone.0.customize.0.linux_options.0.hw_clock_utc": "true",
                            "clone.0.customize.0.linux_options.0.time_zone": "",
                            "clone.0.customize.0.network_interface.#": "1",
                            "clone.0.customize.0.network_interface.0.dns_domain": "",
                            "clone.0.customize.0.network_interface.0.dns_server_list.#": "0",
                            "clone.0.customize.0.network_interface.0.ipv4_address": "10.166.160.169",
                            "clone.0.customize.0.network_interface.0.ipv4_netmask": "24",
                            "clone.0.customize.0.network_interface.0.ipv6_address": "",
                            "clone.0.customize.0.network_interface.0.ipv6_netmask": "0",
                            "clone.0.customize.0.timeout": "10",
                            "clone.0.customize.0.windows_options.#": "0",
                            "clone.0.customize.0.windows_sysprep_text": "",
                            "clone.0.linked_clone": "false",
                            "clone.0.template_uuid": "422843a2-4940-714f-5192-6227add6dc1b",
                            "clone.0.timeout": "30",
                            "cpu_hot_add_enabled": "false",
                            "cpu_hot_remove_enabled": "false",
                            "cpu_limit": "-1",
                            "cpu_performance_counters_enabled": "false",
                            "cpu_reservation": "0",
                            "cpu_share_count": "1000",
                            "cpu_share_level": "normal",
                            "custom_attributes.%": "0",
                            "datastore_id": "datastore-234",
                            "default_ip_address": "10.166.160.169",
                            "disk.#": "1",
                            "disk.0.attach": "false",
                            "disk.0.datastore_id": "datastore-234",
                            "disk.0.device_address": "scsi:0:0",
                            "disk.0.disk_mode": "persistent",
                            "disk.0.disk_sharing": "sharingNone",
                            "disk.0.eagerly_scrub": "false",
                            "disk.0.io_limit": "-1",
                            "disk.0.io_reservation": "0",
                            "disk.0.io_share_count": "1000",
                            "disk.0.io_share_level": "normal",
                            "disk.0.keep_on_remove": "false",
                            "disk.0.key": "2000",
                            "disk.0.label": "disk0",
                            "disk.0.name": "",
                            "disk.0.path": "edaa285b-a6d5-b3eb-0d57-645106efe088/web-1.vmdk",
                            "disk.0.size": "40",
                            "disk.0.thin_provisioned": "true",
                            "disk.0.unit_number": "0",
                            "disk.0.uuid": "6000C291-f9e3-8394-ea06-19d98a653843",
                            "disk.0.write_through": "false",
                            "efi_secure_boot_enabled": "false",
                            "enable_disk_uuid": "false",
                            "enable_logging": "false",
                            "ept_rvi_mode": "automatic",
                            "extra_config.%": "0",
                            "firmware": "bios",
                            "folder": "",
                            "force_power_off": "true",
                            "guest_id": "centos7_64Guest",
                            "guest_ip_addresses.#": "2",
                            "guest_ip_addresses.0": "10.166.160.169",
                            "guest_ip_addresses.1": "fe80::250:56ff:fea8:f1b0",
                            "host_system_id": "host-232",
                            "hv_mode": "hvAuto",
                            "id": "4228302f-b230-ca4a-3151-b8a4ed7ace01",
                            "latency_sensitivity": "normal",
                            "memory": "1024",
                            "memory_hot_add_enabled": "false",
                            "memory_limit": "-1",
                            "memory_reservation": "0",
                            "memory_share_count": "10240",
                            "memory_share_level": "normal",
                            "migrate_wait_timeout": "30",
                            "moid": "vm-286",
                            "name": "web-1",
                            "nested_hv_enabled": "false",
                            "network_interface.#": "1",
                            "network_interface.0.adapter_type": "vmxnet3",
                            "network_interface.0.bandwidth_limit": "-1",
                            "network_interface.0.bandwidth_reservation": "0",
                            "network_interface.0.bandwidth_share_count": "50",
                            "network_interface.0.bandwidth_share_level": "normal",
                            "network_interface.0.device_address": "pci:0:7",
                            "network_interface.0.key": "4000",
                            "network_interface.0.mac_address": "00:50:56:a8:f1:b0",
                            "network_interface.0.network_id": "dvportgroup-211",
                            "network_interface.0.use_static_mac": "false",
                            "num_cores_per_socket": "1",
                            "num_cpus": "1",
                            "reboot_required": "false",
                            "resource_pool_id": "resgroup-255",
                            "run_tools_scripts_after_power_on": "true",
                            "run_tools_scripts_after_resume": "true",
                            "run_tools_scripts_before_guest_reboot": "false",
                            "run_tools_scripts_before_guest_shutdown": "true",
                            "run_tools_scripts_before_guest_standby": "true",
                            "scsi_controller_count": "1",
                            "scsi_type": "pvscsi",
                            "shutdown_wait_timeout": "3",
                            "swap_placement_policy": "inherit",
                            "sync_time_with_host": "false",
                            "tags.#": "0",
                            "uuid": "4228302f-b230-ca4a-3151-b8a4ed7ace01",
                            "vapp_transport.#": "0",
                            "vmware_tools_status": "guestToolsRunning",
                            "vmx_path": "edaa285b-a6d5-b3eb-0d57-645106efe088/web-1.vmx",
                            "wait_for_guest_net_routable": "true",
                            "wait_for_guest_net_timeout": "5"
                        },
                        "meta": {
                            "schema_version": "3"
                        },
                        "tainted": false
                    },
                    "deposed": [],
                    "provider": "provider.vsphere"
                }
            },
            "depends_on": []
        }
    ]
}
